
Microsoft Visual Studio Solution File, Format Version 12.00
# Visual Studio Version 16
VisualStudioVersion = 16.0.30804.86
MinimumVisualStudioVersion = 10.0.40219.1
Project("{FAE04EC0-301F-11D3-BF4B-00C04F79EFBC}") = "EquationSimplifier", "EquationSimplifier.csproj", "{74D62AD9-0D5A-42D0-8F98-C91BDF6DC0FF}"
EndProject
Global
	GlobalSection(SolutionConfigurationPlatforms) = preSolution
		Debug|Any CPU = Debug|Any CPU
		Release|Any CPU = Release|Any CPU
	EndGlobalSection
	GlobalSection(ProjectConfigurationPlatforms) = postSolution
		{74D62AD9-0D5A-42D0-8F98-C91BDF6DC0FF}.Debug|Any CPU.ActiveCfg = Debug|Any CPU
		{74D62AD9-0D5A-42D0-8F98-C91BDF6DC0FF}.Debug|Any CPU.Build.0 = Debug|Any CPU
		{74D62AD9-0D5A-42D0-8F98-C91BDF6DC0FF}.Release|Any CPU.ActiveCfg = Release|Any CPU
		{74D62AD9-0D5A-42D0-8F98-C91BDF6DC0FF}.Release|Any CPU.Build.0 = Release|Any CPU
	EndGlobalSection
	GlobalSection(SolutionProperties) = preSolution
		HideSolutionNode = FALSE
	EndGlobalSection
	GlobalSection(ExtensibilityGlobals) = postSolution
		SolutionGuid = {BCBF8323-3A4B-4625-835B-DBABB5205E9A}
	EndGlobalSection
EndGlobal
